
Microsoft Visual Studio Solution File, Format Version 12.00
# Visual Studio Version 16
VisualStudioVersion = 16.0.31025.194
MinimumVisualStudioVersion = 10.0.40219.1
Project("{FAE04EC0-301F-11D3-BF4B-00C04F79EFBC}") = "Collections", "Collections.csproj", "{837E7F2D-5821-4945-B3B0-CD837E62D98D}"
EndProject
Project("{FAE04EC0-301F-11D3-BF4B-00C04F79EFBC}") = "Opdracht2", "..\Opdracht2\Opdracht2.csproj", "{60308CE9-7F67-4CD1-BC3E-596907398330}"
EndProject
Global
	GlobalSection(SolutionConfigurationPlatforms) = preSolution
		Debug|Any CPU = Debug|Any CPU
		Release|Any CPU = Release|Any CPU
	EndGlobalSection
	GlobalSection(ProjectConfigurationPlatforms) = postSolution
		{837E7F2D-5821-4945-B3B0-CD837E62D98D}.Debug|Any CPU.ActiveCfg = Debug|Any CPU
		{837E7F2D-5821-4945-B3B0-CD837E62D98D}.Debug|Any CPU.Build.0 = Debug|Any CPU
		{837E7F2D-5821-4945-B3B0-CD837E62D98D}.Release|Any CPU.ActiveCfg = Release|Any CPU
		{837E7F2D-5821-4945-B3B0-CD837E62D98D}.Release|Any CPU.Build.0 = Release|Any CPU
		{60308CE9-7F67-4CD1-BC3E-596907398330}.Debug|Any CPU.ActiveCfg = Debug|Any CPU
		{60308CE9-7F67-4CD1-BC3E-596907398330}.Debug|Any CPU.Build.0 = Debug|Any CPU
		{60308CE9-7F67-4CD1-BC3E-596907398330}.Release|Any CPU.ActiveCfg = Release|Any CPU
		{60308CE9-7F67-4CD1-BC3E-596907398330}.Release|Any CPU.Build.0 = Release|Any CPU
	EndGlobalSection
	GlobalSection(SolutionProperties) = preSolution
		HideSolutionNode = FALSE
	EndGlobalSection
	GlobalSection(ExtensibilityGlobals) = postSolution
		SolutionGuid = {3E1A0D66-2987-4248-BB52-44443AC35240}
	EndGlobalSection
EndGlobal
