
Microsoft Visual Studio Solution File, Format Version 12.00
# Visual Studio Version 16
VisualStudioVersion = 16.0.31025.194
MinimumVisualStudioVersion = 10.0.40219.1
Project("{9A19103F-16F7-4668-BE54-9A1E7A4F7556}") = "Opdracht1", "Opdracht1\Opdracht1.csproj", "{70787682-B346-4C32-8689-35ABA11813CB}"
EndProject
Project("{9A19103F-16F7-4668-BE54-9A1E7A4F7556}") = "Opdracht2", "Opdracht2\Opdracht2.csproj", "{DF806569-3CB9-486C-A5E8-1073977E20A7}"
EndProject
Project("{FAE04EC0-301F-11D3-BF4B-00C04F79EFBC}") = "Rekenaar", "Rekenaar\Rekenaar.csproj", "{DDB7B17A-2C7A-4AD5-A6B3-E66F68B83833}"
EndProject
Global
	GlobalSection(SolutionConfigurationPlatforms) = preSolution
		Debug|Any CPU = Debug|Any CPU
		Release|Any CPU = Release|Any CPU
	EndGlobalSection
	GlobalSection(ProjectConfigurationPlatforms) = postSolution
		{70787682-B346-4C32-8689-35ABA11813CB}.Debug|Any CPU.ActiveCfg = Debug|Any CPU
		{70787682-B346-4C32-8689-35ABA11813CB}.Debug|Any CPU.Build.0 = Debug|Any CPU
		{70787682-B346-4C32-8689-35ABA11813CB}.Release|Any CPU.ActiveCfg = Release|Any CPU
		{70787682-B346-4C32-8689-35ABA11813CB}.Release|Any CPU.Build.0 = Release|Any CPU
		{DF806569-3CB9-486C-A5E8-1073977E20A7}.Debug|Any CPU.ActiveCfg = Debug|Any CPU
		{DF806569-3CB9-486C-A5E8-1073977E20A7}.Debug|Any CPU.Build.0 = Debug|Any CPU
		{DF806569-3CB9-486C-A5E8-1073977E20A7}.Release|Any CPU.ActiveCfg = Release|Any CPU
		{DF806569-3CB9-486C-A5E8-1073977E20A7}.Release|Any CPU.Build.0 = Release|Any CPU
		{DDB7B17A-2C7A-4AD5-A6B3-E66F68B83833}.Debug|Any CPU.ActiveCfg = Debug|Any CPU
		{DDB7B17A-2C7A-4AD5-A6B3-E66F68B83833}.Debug|Any CPU.Build.0 = Debug|Any CPU
		{DDB7B17A-2C7A-4AD5-A6B3-E66F68B83833}.Release|Any CPU.ActiveCfg = Release|Any CPU
		{DDB7B17A-2C7A-4AD5-A6B3-E66F68B83833}.Release|Any CPU.Build.0 = Release|Any CPU
	EndGlobalSection
	GlobalSection(SolutionProperties) = preSolution
		HideSolutionNode = FALSE
	EndGlobalSection
	GlobalSection(ExtensibilityGlobals) = postSolution
		SolutionGuid = {F80B58B0-3D19-44A8-B80E-5F03D22F5B8C}
	EndGlobalSection
EndGlobal
